
Microsoft Visual Studio Solution File, Format Version 12.00
# Visual Studio Version 17
VisualStudioVersion = 17.11.35222.181
MinimumVisualStudioVersion = 10.0.40219.1
Project("{8BC9CEB8-8B4A-11D0-8D11-00A0C91BC942}") = "PR8.2", "PR8.2.vcxproj", "{F7E3AA28-3E7E-454F-9027-F22B4F0EE76A}"
EndProject
Project("{8BC9CEB8-8B4A-11D0-8D11-00A0C91BC942}") = "UnitTest1", "UnitTest1\UnitTest1.vcxproj", "{33FE17BF-E9B2-47EB-8E8D-5890F1796087}"
EndProject
Global
	GlobalSection(SolutionConfigurationPlatforms) = preSolution
		Debug|x64 = Debug|x64
		Debug|x86 = Debug|x86
		Release|x64 = Release|x64
		Release|x86 = Release|x86
	EndGlobalSection
	GlobalSection(ProjectConfigurationPlatforms) = postSolution
		{F7E3AA28-3E7E-454F-9027-F22B4F0EE76A}.Debug|x64.ActiveCfg = Debug|x64
		{F7E3AA28-3E7E-454F-9027-F22B4F0EE76A}.Debug|x64.Build.0 = Debug|x64
		{F7E3AA28-3E7E-454F-9027-F22B4F0EE76A}.Debug|x86.ActiveCfg = Debug|Win32
		{F7E3AA28-3E7E-454F-9027-F22B4F0EE76A}.Debug|x86.Build.0 = Debug|Win32
		{F7E3AA28-3E7E-454F-9027-F22B4F0EE76A}.Release|x64.ActiveCfg = Release|x64
		{F7E3AA28-3E7E-454F-9027-F22B4F0EE76A}.Release|x64.Build.0 = Release|x64
		{F7E3AA28-3E7E-454F-9027-F22B4F0EE76A}.Release|x86.ActiveCfg = Release|Win32
		{F7E3AA28-3E7E-454F-9027-F22B4F0EE76A}.Release|x86.Build.0 = Release|Win32
		{33FE17BF-E9B2-47EB-8E8D-5890F1796087}.Debug|x64.ActiveCfg = Debug|x64
		{33FE17BF-E9B2-47EB-8E8D-5890F1796087}.Debug|x64.Build.0 = Debug|x64
		{33FE17BF-E9B2-47EB-8E8D-5890F1796087}.Debug|x86.ActiveCfg = Debug|Win32
		{33FE17BF-E9B2-47EB-8E8D-5890F1796087}.Debug|x86.Build.0 = Debug|Win32
		{33FE17BF-E9B2-47EB-8E8D-5890F1796087}.Release|x64.ActiveCfg = Release|x64
		{33FE17BF-E9B2-47EB-8E8D-5890F1796087}.Release|x64.Build.0 = Release|x64
		{33FE17BF-E9B2-47EB-8E8D-5890F1796087}.Release|x86.ActiveCfg = Release|Win32
		{33FE17BF-E9B2-47EB-8E8D-5890F1796087}.Release|x86.Build.0 = Release|Win32
	EndGlobalSection
	GlobalSection(SolutionProperties) = preSolution
		HideSolutionNode = FALSE
	EndGlobalSection
	GlobalSection(ExtensibilityGlobals) = postSolution
		SolutionGuid = {10E72FD2-0C87-4B3B-8A05-E2AC13FCA3BC}
	EndGlobalSection
EndGlobal
